<?xml version="1.0" encoding="utf-8"?>
<Project ToolsVersion="4.0" xmlns="http://schemas.microsoft.com/developer/msbuild/2003">
  <ItemGroup>
    <Filter Include="Source Files">
      <UniqueIdentifier>{4FC737F1-C7A5-4376-A066-2A32D752A2FF}</UniqueIdentifier>
      <Extensions>cpp;c;cc;cxx;def;odl;idl;hpj;bat;asm;asmx</Extensions>
    </Filter>
    <Filter Include="Header Files">
      <UniqueIdentifier>{93995380-89BD-4b04-88EB-625FBE52EBFB}</UniqueIdentifier>
      <Extensions>h;hh;hpp;hxx;hm;inl;inc;xsd</Extensions>
    </Filter>
    <Filter Include="Resource Files">
      <UniqueIdentifier>{67DA6AB6-F800-4c08-8B7A-83BB121AAD01}</UniqueIdentifier>
      <Extensions>rc;ico;cur;bmp;dlg;rc2;rct;bin;rgs;gif;jpg;jpeg;jpe;resx;tiff;tif;png;wav</Extensions>
    </Filter>
  </ItemGroup>
  <ItemGroup>
    <ClCompile Include="shell.cpp">
      <Filter>Source Files</Filter>
    </ClCompile>
    <ClCompile Include="shell_misc.cpp">
      <Filter>Source Files</Filter>
    </ClCompile>
    <ClCompile Include="cseries\BStream.cpp">
      <Filter>Source Files</Filter>
    </ClCompile>
    <ClCompile Include="cseries\byte_swapping.cpp">
      <Filter>Source Files</Filter>
    </ClCompile>
    <ClCompile Include="cseries\csalerts_sdl.cpp">
      <Filter>Source Files</Filter>
    </ClCompile>
    <ClCompile Include="cseries\cscluts_sdl.cpp">
      <Filter>Source Files</Filter>
    </ClCompile>
    <ClCompile Include="cseries\csdialogs_sdl.cpp">
      <Filter>Source Files</Filter>
    </ClCompile>
    <ClCompile Include="cseries\csmisc_sdl.cpp">
      <Filter>Source Files</Filter>
    </ClCompile>
    <ClCompile Include="cseries\csstrings.cpp">
      <Filter>Source Files</Filter>
    </ClCompile>
    <ClCompile Include="cseries\FilmProfile.cpp">
      <Filter>Source Files</Filter>
    </ClCompile>
    <ClCompile Include="cseries\mytm_sdl.cpp">
      <Filter>Source Files</Filter>
    </ClCompile>
    <ClCompile Include="expat\xmlparse.c">
      <Filter>Source Files</Filter>
    </ClCompile>
    <ClCompile Include="expat\xmlrole.c">
      <Filter>Source Files</Filter>
    </ClCompile>
    <ClCompile Include="expat\xmltok.c">
      <Filter>Source Files</Filter>
    </ClCompile>
    <ClCompile Include="expat\xmltok_impl.c">
      <Filter>Source Files</Filter>
    </ClCompile>
    <ClCompile Include="expat\xmltok_ns.c">
      <Filter>Source Files</Filter>
    </ClCompile>
    <ClCompile Include="ffmpeg\Movie.cpp">
      <Filter>Source Files</Filter>
    </ClCompile>
    <ClCompile Include="ffmpeg\SDL_ffmpeg.c">
      <Filter>Source Files</Filter>
    </ClCompile>
    <ClCompile Include="files\AStream.cpp">
      <Filter>Source Files</Filter>
    </ClCompile>
    <ClCompile Include="files\crc.cpp">
      <Filter>Source Files</Filter>
    </ClCompile>
    <ClCompile Include="files\FileHandler.cpp">
      <Filter>Source Files</Filter>
    </ClCompile>
    <ClCompile Include="files\find_files_sdl.cpp">
      <Filter>Source Files</Filter>
    </ClCompile>
    <ClCompile Include="files\game_wad.cpp">
      <Filter>Source Files</Filter>
    </ClCompile>
    <ClCompile Include="files\import_definitions.cpp">
      <Filter>Source Files</Filter>
    </ClCompile>
    <ClCompile Include="files\Packing.cpp">
      <Filter>Source Files</Filter>
    </ClCompile>
    <ClCompile Include="files\preprocess_map_sdl.cpp">
      <Filter>Source Files</Filter>
    </ClCompile>
    <ClCompile Include="files\preprocess_map_shared.cpp">
      <Filter>Source Files</Filter>
    </ClCompile>
    <ClCompile Include="files\resource_manager.cpp">
      <Filter>Source Files</Filter>
    </ClCompile>
    <ClCompile Include="files\SDL_rwops_ostream.cpp">
      <Filter>Source Files</Filter>
    </ClCompile>
    <ClCompile Include="files\wad.cpp">
      <Filter>Source Files</Filter>
    </ClCompile>
    <ClCompile Include="files\WadImageCache.cpp">
      <Filter>Source Files</Filter>
    </ClCompile>
    <ClCompile Include="files\wad_prefs.cpp">
      <Filter>Source Files</Filter>
    </ClCompile>
    <ClCompile Include="files\wad_sdl.cpp">
      <Filter>Source Files</Filter>
    </ClCompile>
    <ClCompile Include="files\SDL_rwops_zzip.c">
      <Filter>Source Files</Filter>
    </ClCompile>
    <ClCompile Include="gameworld\devices.cpp">
      <Filter>Source Files</Filter>
    </ClCompile>
    <ClCompile Include="gameworld\dynamic_limits.cpp">
      <Filter>Source Files</Filter>
    </ClCompile>
    <ClCompile Include="gameworld\effects.cpp">
      <Filter>Source Files</Filter>
    </ClCompile>
    <ClCompile Include="gameworld\flood_map.cpp">
      <Filter>Source Files</Filter>
    </ClCompile>
    <ClCompile Include="gameworld\items.cpp">
      <Filter>Source Files</Filter>
    </ClCompile>
    <ClCompile Include="gameworld\lightsource.cpp">
      <Filter>Source Files</Filter>
    </ClCompile>
    <ClCompile Include="gameworld\map.cpp">
      <Filter>Source Files</Filter>
    </ClCompile>
    <ClCompile Include="gameworld\map_constructors.cpp">
      <Filter>Source Files</Filter>
    </ClCompile>
    <ClCompile Include="gameworld\marathon2.cpp">
      <Filter>Source Files</Filter>
    </ClCompile>
    <ClCompile Include="gameworld\media.cpp">
      <Filter>Source Files</Filter>
    </ClCompile>
    <ClCompile Include="gameworld\monsters.cpp">
      <Filter>Source Files</Filter>
    </ClCompile>
    <ClCompile Include="gameworld\pathfinding.cpp">
      <Filter>Source Files</Filter>
    </ClCompile>
    <ClCompile Include="gameworld\physics.cpp">
      <Filter>Source Files</Filter>
    </ClCompile>
    <ClCompile Include="gameworld\placement.cpp">
      <Filter>Source Files</Filter>
    </ClCompile>
    <ClCompile Include="gameworld\platforms.cpp">
      <Filter>Source Files</Filter>
    </ClCompile>
    <ClCompile Include="gameworld\player.cpp">
      <Filter>Source Files</Filter>
    </ClCompile>
    <ClCompile Include="gameworld\projectiles.cpp">
      <Filter>Source Files</Filter>
    </ClCompile>
    <ClCompile Include="gameworld\scenery.cpp">
      <Filter>Source Files</Filter>
    </ClCompile>
    <ClCompile Include="gameworld\weapons.cpp">
      <Filter>Source Files</Filter>
    </ClCompile>
    <ClCompile Include="gameworld\world.cpp">
      <Filter>Source Files</Filter>
    </ClCompile>
    <ClCompile Include="input\joystick_sdl.cpp">
      <Filter>Source Files</Filter>
    </ClCompile>
    <ClCompile Include="input\mouse_sdl.cpp">
      <Filter>Source Files</Filter>
    </ClCompile>
    <ClCompile Include="libnat\error.c">
      <Filter>Source Files</Filter>
    </ClCompile>
    <ClCompile Include="libnat\http.c">
      <Filter>Source Files</Filter>
    </ClCompile>
    <ClCompile Include="libnat\libnat.c">
      <Filter>Source Files</Filter>
    </ClCompile>
    <ClCompile Include="libnat\os_common.c">
      <Filter>Source Files</Filter>
    </ClCompile>
    <ClCompile Include="libnat\os_unix.c">
      <Filter>Source Files</Filter>
    </ClCompile>
    <ClCompile Include="libnat\os_win.c">
      <Filter>Source Files</Filter>
    </ClCompile>
    <ClCompile Include="libnat\ssdp.c">
      <Filter>Source Files</Filter>
    </ClCompile>
    <ClCompile Include="libnat\upnp.c">
      <Filter>Source Files</Filter>
    </ClCompile>
    <ClCompile Include="libnat\utility.c">
      <Filter>Source Files</Filter>
    </ClCompile>
    <ClCompile Include="lua\lua_hud_objects.cpp">
      <Filter>Source Files</Filter>
    </ClCompile>
    <ClCompile Include="lua\lua_hud_script.cpp">
      <Filter>Source Files</Filter>
    </ClCompile>
    <ClCompile Include="lua\lua_map.cpp">
      <Filter>Source Files</Filter>
    </ClCompile>
    <ClCompile Include="lua\lua_monsters.cpp">
      <Filter>Source Files</Filter>
    </ClCompile>
    <ClCompile Include="lua\lua_objects.cpp">
      <Filter>Source Files</Filter>
    </ClCompile>
    <ClCompile Include="lua\lua_player.cpp">
      <Filter>Source Files</Filter>
    </ClCompile>
    <ClCompile Include="lua\lua_projectiles.cpp">
      <Filter>Source Files</Filter>
    </ClCompile>
    <ClCompile Include="lua\lua_saved_objects.cpp">
      <Filter>Source Files</Filter>
    </ClCompile>
    <ClCompile Include="lua\lua_script.cpp">
      <Filter>Source Files</Filter>
    </ClCompile>
    <ClCompile Include="lua\lua_serialize.cpp">
      <Filter>Source Files</Filter>
    </ClCompile>
    <ClCompile Include="lua\lapi.c">
      <Filter>Source Files</Filter>
    </ClCompile>
    <ClCompile Include="lua\lauxlib.c">
      <Filter>Source Files</Filter>
    </ClCompile>
    <ClCompile Include="lua\lbaselib.c">
      <Filter>Source Files</Filter>
    </ClCompile>
    <ClCompile Include="lua\lbitlib.c">
      <Filter>Source Files</Filter>
    </ClCompile>
    <ClCompile Include="lua\lcode.c">
      <Filter>Source Files</Filter>
    </ClCompile>
    <ClCompile Include="lua\lctype.c">
      <Filter>Source Files</Filter>
    </ClCompile>
    <ClCompile Include="lua\ldblib.c">
      <Filter>Source Files</Filter>
    </ClCompile>
    <ClCompile Include="lua\ldebug.c">
      <Filter>Source Files</Filter>
    </ClCompile>
    <ClCompile Include="lua\ldo.c">
      <Filter>Source Files</Filter>
    </ClCompile>
    <ClCompile Include="lua\ldump.c">
      <Filter>Source Files</Filter>
    </ClCompile>
    <ClCompile Include="lua\lfunc.c">
      <Filter>Source Files</Filter>
    </ClCompile>
    <ClCompile Include="lua\lgc.c">
      <Filter>Source Files</Filter>
    </ClCompile>
    <ClCompile Include="lua\linit.c">
      <Filter>Source Files</Filter>
    </ClCompile>
    <ClCompile Include="lua\liolib.c">
      <Filter>Source Files</Filter>
    </ClCompile>
    <ClCompile Include="lua\llex.c">
      <Filter>Source Files</Filter>
    </ClCompile>
    <ClCompile Include="lua\lmathlib.c">
      <Filter>Source Files</Filter>
    </ClCompile>
    <ClCompile Include="lua\lmem.c">
      <Filter>Source Files</Filter>
    </ClCompile>
    <ClCompile Include="lua\lobject.c">
      <Filter>Source Files</Filter>
    </ClCompile>
    <ClCompile Include="lua\lopcodes.c">
      <Filter>Source Files</Filter>
    </ClCompile>
    <ClCompile Include="lua\loslib.c">
      <Filter>Source Files</Filter>
    </ClCompile>
    <ClCompile Include="lua\lparser.c">
      <Filter>Source Files</Filter>
    </ClCompile>
    <ClCompile Include="lua\lstate.c">
      <Filter>Source Files</Filter>
    </ClCompile>
    <ClCompile Include="lua\lstring.c">
      <Filter>Source Files</Filter>
    </ClCompile>
    <ClCompile Include="lua\lstrlib.c">
      <Filter>Source Files</Filter>
    </ClCompile>
    <ClCompile Include="lua\ltable.c">
      <Filter>Source Files</Filter>
    </ClCompile>
    <ClCompile Include="lua\ltablib.c">
      <Filter>Source Files</Filter>
    </ClCompile>
    <ClCompile Include="lua\ltm.c">
      <Filter>Source Files</Filter>
    </ClCompile>
    <ClCompile Include="lua\lundump.c">
      <Filter>Source Files</Filter>
    </ClCompile>
    <ClCompile Include="lua\lvm.c">
      <Filter>Source Files</Filter>
    </ClCompile>
    <ClCompile Include="lua\lzio.c">
      <Filter>Source Files</Filter>
    </ClCompile>
    <ClCompile Include="misc\ActionQueues.cpp">
      <Filter>Source Files</Filter>
    </ClCompile>
    <ClCompile Include="misc\CircularByteBuffer.cpp">
      <Filter>Source Files</Filter>
    </ClCompile>
    <ClCompile Include="misc\Console.cpp">
      <Filter>Source Files</Filter>
    </ClCompile>
    <ClCompile Include="misc\DefaultStringSets.cpp">
      <Filter>Source Files</Filter>
    </ClCompile>
    <ClCompile Include="misc\game_errors.cpp">
      <Filter>Source Files</Filter>
    </ClCompile>
    <ClCompile Include="misc\interface.cpp">
      <Filter>Source Files</Filter>
    </ClCompile>
    <ClCompile Include="misc\Logging.cpp">
      <Filter>Source Files</Filter>
    </ClCompile>
    <ClCompile Include="misc\PlayerImage_sdl.cpp">
      <Filter>Source Files</Filter>
    </ClCompile>
    <ClCompile Include="misc\PlayerName.cpp">
      <Filter>Source Files</Filter>
    </ClCompile>
    <ClCompile Include="misc\preferences.cpp">
      <Filter>Source Files</Filter>
    </ClCompile>
    <ClCompile Include="misc\preferences_widgets_sdl.cpp">
      <Filter>Source Files</Filter>
    </ClCompile>
    <ClCompile Include="misc\preference_dialogs.cpp">
      <Filter>Source Files</Filter>
    </ClCompile>
    <ClCompile Include="misc\Scenario.cpp">
      <Filter>Source Files</Filter>
    </ClCompile>
    <ClCompile Include="misc\sdl_dialogs.cpp">
      <Filter>Source Files</Filter>
    </ClCompile>
    <ClCompile Include="misc\sdl_widgets.cpp">
      <Filter>Source Files</Filter>
    </ClCompile>
    <ClCompile Include="misc\shared_widgets.cpp">
      <Filter>Source Files</Filter>
    </ClCompile>
    <ClCompile Include="misc\Statistics.cpp">
      <Filter>Source Files</Filter>
    </ClCompile>
    <ClCompile Include="misc\thread_priority_sdl_dummy.cpp">
      <Filter>Source Files</Filter>
    </ClCompile>
    <ClCompile Include="misc\thread_priority_sdl_macosx.cpp">
      <Filter>Source Files</Filter>
    </ClCompile>
    <ClCompile Include="misc\thread_priority_sdl_posix.cpp">
      <Filter>Source Files</Filter>
    </ClCompile>
    <ClCompile Include="misc\thread_priority_sdl_win32.cpp">
      <Filter>Source Files</Filter>
    </ClCompile>
    <ClCompile Include="misc\vbl.cpp">
      <Filter>Source Files</Filter>
    </ClCompile>
    <ClCompile Include="modelview\Dim3_Loader.cpp">
      <Filter>Source Files</Filter>
    </ClCompile>
    <ClCompile Include="modelview\Model3D.cpp">
      <Filter>Source Files</Filter>
    </ClCompile>
    <ClCompile Include="modelview\ModelRenderer.cpp">
      <Filter>Source Files</Filter>
    </ClCompile>
    <ClCompile Include="modelview\StudioLoader.cpp">
      <Filter>Source Files</Filter>
    </ClCompile>
    <ClCompile Include="modelview\WavefrontLoader.cpp">
      <Filter>Source Files</Filter>
    </ClCompile>
    <ClCompile Include="network\ConnectPool.cpp">
      <Filter>Source Files</Filter>
    </ClCompile>
    <ClCompile Include="network\HTTP.cpp">
      <Filter>Source Files</Filter>
    </ClCompile>
    <ClCompile Include="network\network.cpp">
      <Filter>Source Files</Filter>
    </ClCompile>
    <ClCompile Include="network\network_capabilities.cpp">
      <Filter>Source Files</Filter>
    </ClCompile>
    <ClCompile Include="network\network_data_formats.cpp">
      <Filter>Source Files</Filter>
    </ClCompile>
    <ClCompile Include="network\network_dialogs.cpp">
      <Filter>Source Files</Filter>
    </ClCompile>
    <ClCompile Include="network\network_dialog_widgets_sdl.cpp">
      <Filter>Source Files</Filter>
    </ClCompile>
    <ClCompile Include="network\network_dummy.cpp">
      <Filter>Source Files</Filter>
    </ClCompile>
    <ClCompile Include="network\network_games.cpp">
      <Filter>Source Files</Filter>
    </ClCompile>
    <ClCompile Include="network\network_lookup_sdl.cpp">
      <Filter>Source Files</Filter>
    </ClCompile>
    <ClCompile Include="network\network_messages.cpp">
      <Filter>Source Files</Filter>
    </ClCompile>
    <ClCompile Include="network\network_microphone_coreaudio.cpp">
      <Filter>Source Files</Filter>
    </ClCompile>
    <ClCompile Include="network\network_microphone_sdl_alsa.cpp">
      <Filter>Source Files</Filter>
    </ClCompile>
    <ClCompile Include="network\network_microphone_sdl_dummy.cpp">
      <Filter>Source Files</Filter>
    </ClCompile>
    <ClCompile Include="network\network_microphone_sdl_win32.cpp">
      <Filter>Source Files</Filter>
    </ClCompile>
    <ClCompile Include="network\network_microphone_shared.cpp">
      <Filter>Source Files</Filter>
    </ClCompile>
    <ClCompile Include="network\network_speaker_sdl.cpp">
      <Filter>Source Files</Filter>
    </ClCompile>
    <ClCompile Include="network\network_speaker_shared.cpp">
      <Filter>Source Files</Filter>
    </ClCompile>
    <ClCompile Include="network\network_speex.cpp">
      <Filter>Source Files</Filter>
    </ClCompile>
    <ClCompile Include="network\network_star_hub.cpp">
      <Filter>Source Files</Filter>
    </ClCompile>
    <ClCompile Include="network\network_star_spoke.cpp">
      <Filter>Source Files</Filter>
    </ClCompile>
    <ClCompile Include="network\network_udp.cpp">
      <Filter>Source Files</Filter>
    </ClCompile>
    <ClCompile Include="network\RingGameProtocol.cpp">
      <Filter>Source Files</Filter>
    </ClCompile>
    <ClCompile Include="network\SDL_netx.cpp">
      <Filter>Source Files</Filter>
    </ClCompile>
    <ClCompile Include="network\SSLP_limited.cpp">
      <Filter>Source Files</Filter>
    </ClCompile>
    <ClCompile Include="network\StarGameProtocol.cpp">
      <Filter>Source Files</Filter>
    </ClCompile>
    <ClCompile Include="network\Update.cpp">
      <Filter>Source Files</Filter>
    </ClCompile>
    <ClCompile Include="network\metaserver\metaserver_dialogs.cpp">
      <Filter>Source Files</Filter>
    </ClCompile>
    <ClCompile Include="network\metaserver\metaserver_messages.cpp">
      <Filter>Source Files</Filter>
    </ClCompile>
    <ClCompile Include="network\metaserver\network_metaserver.cpp">
      <Filter>Source Files</Filter>
    </ClCompile>
    <ClCompile Include="network\metaserver\SdlMetaserverClientUi.cpp">
      <Filter>Source Files</Filter>
    </ClCompile>
    <ClCompile Include="rendermain\AnimatedTextures.cpp">
      <Filter>Source Files</Filter>
    </ClCompile>
    <ClCompile Include="rendermain\Crosshairs_SDL.cpp">
      <Filter>Source Files</Filter>
    </ClCompile>
    <ClCompile Include="rendermain\ImageLoader_SDL.cpp">
      <Filter>Source Files</Filter>
    </ClCompile>
    <ClCompile Include="rendermain\ImageLoader_Shared.cpp">
      <Filter>Source Files</Filter>
    </ClCompile>
    <ClCompile Include="rendermain\OGL_Faders.cpp">
      <Filter>Source Files</Filter>
    </ClCompile>
    <ClCompile Include="rendermain\OGL_FBO.cpp">
      <Filter>Source Files</Filter>
    </ClCompile>
    <ClCompile Include="rendermain\OGL_Model_Def.cpp">
      <Filter>Source Files</Filter>
    </ClCompile>
    <ClCompile Include="rendermain\OGL_Render.cpp">
      <Filter>Source Files</Filter>
    </ClCompile>
    <ClCompile Include="rendermain\OGL_Setup.cpp">
      <Filter>Source Files</Filter>
    </ClCompile>
    <ClCompile Include="rendermain\OGL_Shader.cpp">
      <Filter>Source Files</Filter>
    </ClCompile>
    <ClCompile Include="rendermain\OGL_Subst_Texture_Def.cpp">
      <Filter>Source Files</Filter>
    </ClCompile>
    <ClCompile Include="rendermain\OGL_Textures.cpp">
      <Filter>Source Files</Filter>
    </ClCompile>
    <ClCompile Include="rendermain\Rasterizer_Shader.cpp">
      <Filter>Source Files</Filter>
    </ClCompile>
    <ClCompile Include="rendermain\render.cpp">
      <Filter>Source Files</Filter>
    </ClCompile>
    <ClCompile Include="rendermain\RenderPlaceObjs.cpp">
      <Filter>Source Files</Filter>
    </ClCompile>
    <ClCompile Include="rendermain\RenderRasterize.cpp">
      <Filter>Source Files</Filter>
    </ClCompile>
    <ClCompile Include="rendermain\RenderRasterize_Shader.cpp">
      <Filter>Source Files</Filter>
    </ClCompile>
    <ClCompile Include="rendermain\RenderSortPoly.cpp">
      <Filter>Source Files</Filter>
    </ClCompile>
    <ClCompile Include="rendermain\RenderVisTree.cpp">
      <Filter>Source Files</Filter>
    </ClCompile>
    <ClCompile Include="rendermain\scottish_textures.cpp">
      <Filter>Source Files</Filter>
    </ClCompile>
    <ClCompile Include="rendermain\shapes.cpp">
      <Filter>Source Files</Filter>
    </ClCompile>
    <ClCompile Include="rendermain\SW_Texture_Extras.cpp">
      <Filter>Source Files</Filter>
    </ClCompile>
    <ClCompile Include="rendermain\textures.cpp">
      <Filter>Source Files</Filter>
    </ClCompile>
    <ClCompile Include="renderother\ChaseCam.cpp">
      <Filter>Source Files</Filter>
    </ClCompile>
    <ClCompile Include="renderother\computer_interface.cpp">
      <Filter>Source Files</Filter>
    </ClCompile>
    <ClCompile Include="renderother\fades.cpp">
      <Filter>Source Files</Filter>
    </ClCompile>
    <ClCompile Include="renderother\FontHandler.cpp">
      <Filter>Source Files</Filter>
    </ClCompile>
    <ClCompile Include="renderother\game_window.cpp">
      <Filter>Source Files</Filter>
    </ClCompile>
    <ClCompile Include="renderother\HUDRenderer.cpp">
      <Filter>Source Files</Filter>
    </ClCompile>
    <ClCompile Include="renderother\HUDRenderer_Lua.cpp">
      <Filter>Source Files</Filter>
    </ClCompile>
    <ClCompile Include="renderother\HUDRenderer_OGL.cpp">
      <Filter>Source Files</Filter>
    </ClCompile>
    <ClCompile Include="renderother\HUDRenderer_SW.cpp">
      <Filter>Source Files</Filter>
    </ClCompile>
    <ClCompile Include="renderother\images.cpp">
      <Filter>Source Files</Filter>
    </ClCompile>
    <ClCompile Include="renderother\Image_Blitter.cpp">
      <Filter>Source Files</Filter>
    </ClCompile>
    <ClCompile Include="renderother\motion_sensor.cpp">
      <Filter>Source Files</Filter>
    </ClCompile>
    <ClCompile Include="renderother\OGL_Blitter.cpp">
      <Filter>Source Files</Filter>
    </ClCompile>
    <ClCompile Include="renderother\OGL_LoadScreen.cpp">
      <Filter>Source Files</Filter>
    </ClCompile>
    <ClCompile Include="renderother\OverheadMapRenderer.cpp">
      <Filter>Source Files</Filter>
    </ClCompile>
    <ClCompile Include="renderother\OverheadMap_OGL.cpp">
      <Filter>Source Files</Filter>
    </ClCompile>
    <ClCompile Include="renderother\OverheadMap_SDL.cpp">
      <Filter>Source Files</Filter>
    </ClCompile>
    <ClCompile Include="renderother\overhead_map.cpp">
      <Filter>Source Files</Filter>
    </ClCompile>
    <ClCompile Include="renderother\screen.cpp">
      <Filter>Source Files</Filter>
    </ClCompile>
    <ClCompile Include="renderother\screen_drawing.cpp">
      <Filter>Source Files</Filter>
    </ClCompile>
    <ClCompile Include="renderother\sdl_fonts.cpp">
      <Filter>Source Files</Filter>
    </ClCompile>
    <ClCompile Include="renderother\sdl_resize.cpp">
      <Filter>Source Files</Filter>
    </ClCompile>
    <ClCompile Include="renderother\Shape_Blitter.cpp">
      <Filter>Source Files</Filter>
    </ClCompile>
    <ClCompile Include="renderother\TextLayoutHelper.cpp">
      <Filter>Source Files</Filter>
    </ClCompile>
    <ClCompile Include="renderother\TextStrings.cpp">
      <Filter>Source Files</Filter>
    </ClCompile>
    <ClCompile Include="renderother\ViewControl.cpp">
      <Filter>Source Files</Filter>
    </ClCompile>
    <ClCompile Include="renderother\IMG_savepng.c">
      <Filter>Source Files</Filter>
    </ClCompile>
    <ClCompile Include="sound\BasicIFFDecoder.cpp">
      <Filter>Source Files</Filter>
    </ClCompile>
    <ClCompile Include="sound\Decoder.cpp">
      <Filter>Source Files</Filter>
    </ClCompile>
    <ClCompile Include="sound\FFmpegDecoder.cpp">
      <Filter>Source Files</Filter>
    </ClCompile>
    <ClCompile Include="sound\MADDecoder.cpp">
      <Filter>Source Files</Filter>
    </ClCompile>
    <ClCompile Include="sound\Mixer.cpp">
      <Filter>Source Files</Filter>
    </ClCompile>
    <ClCompile Include="sound\Music.cpp">
      <Filter>Source Files</Filter>
    </ClCompile>
    <ClCompile Include="sound\ReplacementSounds.cpp">
      <Filter>Source Files</Filter>
    </ClCompile>
    <ClCompile Include="sound\SndfileDecoder.cpp">
      <Filter>Source Files</Filter>
    </ClCompile>
    <ClCompile Include="sound\SoundFile.cpp">
      <Filter>Source Files</Filter>
    </ClCompile>
    <ClCompile Include="sound\SoundManager.cpp">
      <Filter>Source Files</Filter>
    </ClCompile>
    <ClCompile Include="sound\VorbisDecoder.cpp">
      <Filter>Source Files</Filter>
    </ClCompile>
    <ClCompile Include="tcpmess\CommunicationsChannel.cpp">
      <Filter>Source Files</Filter>
    </ClCompile>
    <ClCompile Include="tcpmess\Message.cpp">
      <Filter>Source Files</Filter>
    </ClCompile>
    <ClCompile Include="tcpmess\MessageDispatcher.cpp">
      <Filter>Source Files</Filter>
    </ClCompile>
    <ClCompile Include="tcpmess\MessageHandler.cpp">
      <Filter>Source Files</Filter>
    </ClCompile>
    <ClCompile Include="tcpmess\MessageInflater.cpp">
      <Filter>Source Files</Filter>
    </ClCompile>
    <ClCompile Include="xml\InfoTree.cpp">
      <Filter>Source Files</Filter>
    </ClCompile>
    <ClCompile Include="xml\Plugins.cpp">
      <Filter>Source Files</Filter>
    </ClCompile>
    <ClCompile Include="xml\QuickSave.cpp">
      <Filter>Source Files</Filter>
    </ClCompile>
    <ClCompile Include="xml\XML_LevelScript.cpp">
      <Filter>Source Files</Filter>
    </ClCompile>
    <ClCompile Include="xml\XML_MakeRoot.cpp">
      <Filter>Source Files</Filter>
    </ClCompile>
  </ItemGroup>
  <ItemGroup>
    <ClInclude Include="shell.h">
      <Filter>Header Files</Filter>
    </ClInclude>
    <ClInclude Include="cseries\BStream.h">
      <Filter>Header Files</Filter>
    </ClInclude>
    <ClInclude Include="cseries\byte_swapping.h">
      <Filter>Header Files</Filter>
    </ClInclude>
    <ClInclude Include="cseries\csalerts.h">
      <Filter>Header Files</Filter>
    </ClInclude>
    <ClInclude Include="cseries\cscluts.h">
      <Filter>Header Files</Filter>
    </ClInclude>
    <ClInclude Include="cseries\csdialogs.h">
      <Filter>Header Files</Filter>
    </ClInclude>
    <ClInclude Include="cseries\cseries.h">
      <Filter>Header Files</Filter>
    </ClInclude>
    <ClInclude Include="cseries\csfonts.h">
      <Filter>Header Files</Filter>
    </ClInclude>
    <ClInclude Include="cseries\csmacros.h">
      <Filter>Header Files</Filter>
    </ClInclude>
    <ClInclude Include="cseries\csmisc.h">
      <Filter>Header Files</Filter>
    </ClInclude>
    <ClInclude Include="cseries\cspixels.h">
      <Filter>Header Files</Filter>
    </ClInclude>
    <ClInclude Include="cseries\csstrings.h">
      <Filter>Header Files</Filter>
    </ClInclude>
    <ClInclude Include="cseries\cstypes.h">
      <Filter>Header Files</Filter>
    </ClInclude>
    <ClInclude Include="cseries\FilmProfile.h">
      <Filter>Header Files</Filter>
    </ClInclude>
    <ClInclude Include="cseries\mytm.h">
      <Filter>Header Files</Filter>
    </ClInclude>
    <ClInclude Include="expat\ascii.h">
      <Filter>Header Files</Filter>
    </ClInclude>
    <ClInclude Include="expat\asciitab.h">
      <Filter>Header Files</Filter>
    </ClInclude>
    <ClInclude Include="expat\expat.h">
      <Filter>Header Files</Filter>
    </ClInclude>
    <ClInclude Include="expat\expat_external.h">
      <Filter>Header Files</Filter>
    </ClInclude>
    <ClInclude Include="expat\iasciitab.h">
      <Filter>Header Files</Filter>
    </ClInclude>
    <ClInclude Include="expat\internal.h">
      <Filter>Header Files</Filter>
    </ClInclude>
    <ClInclude Include="expat\latin1tab.h">
      <Filter>Header Files</Filter>
    </ClInclude>
    <ClInclude Include="expat\nametab.h">
      <Filter>Header Files</Filter>
    </ClInclude>
    <ClInclude Include="expat\utf8tab.h">
      <Filter>Header Files</Filter>
    </ClInclude>
    <ClInclude Include="expat\xmlrole.h">
      <Filter>Header Files</Filter>
    </ClInclude>
    <ClInclude Include="expat\xmltok.h">
      <Filter>Header Files</Filter>
    </ClInclude>
    <ClInclude Include="expat\xmltok_impl.h">
      <Filter>Header Files</Filter>
    </ClInclude>
    <ClInclude Include="ffmpeg\Movie.h">
      <Filter>Header Files</Filter>
    </ClInclude>
    <ClInclude Include="ffmpeg\SDL_ffmpeg.h">
      <Filter>Header Files</Filter>
    </ClInclude>
    <ClInclude Include="files\AStream.h">
      <Filter>Header Files</Filter>
    </ClInclude>
    <ClInclude Include="files\crc.h">
      <Filter>Header Files</Filter>
    </ClInclude>
    <ClInclude Include="files\extensions.h">
      <Filter>Header Files</Filter>
    </ClInclude>
    <ClInclude Include="files\FileHandler.h">
      <Filter>Header Files</Filter>
    </ClInclude>
    <ClInclude Include="files\find_files.h">
      <Filter>Header Files</Filter>
    </ClInclude>
    <ClInclude Include="files\game_wad.h">
      <Filter>Header Files</Filter>
    </ClInclude>
    <ClInclude Include="files\Packing.h">
      <Filter>Header Files</Filter>
    </ClInclude>
    <ClInclude Include="files\resource_manager.h">
      <Filter>Header Files</Filter>
    </ClInclude>
    <ClInclude Include="files\SDL_rwops_ostream.h">
      <Filter>Header Files</Filter>
    </ClInclude>
    <ClInclude Include="files\SDL_rwops_zzip.h">
      <Filter>Header Files</Filter>
    </ClInclude>
    <ClInclude Include="files\tags.h">
      <Filter>Header Files</Filter>
    </ClInclude>
    <ClInclude Include="files\wad.h">
      <Filter>Header Files</Filter>
    </ClInclude>
    <ClInclude Include="files\WadImageCache.h">
      <Filter>Header Files</Filter>
    </ClInclude>
    <ClInclude Include="files\wad_prefs.h">
      <Filter>Header Files</Filter>
    </ClInclude>
    <ClInclude Include="gameworld\dynamic_limits.h">
      <Filter>Header Files</Filter>
    </ClInclude>
    <ClInclude Include="gameworld\editor.h">
      <Filter>Header Files</Filter>
    </ClInclude>
    <ClInclude Include="gameworld\effects.h">
      <Filter>Header Files</Filter>
    </ClInclude>
    <ClInclude Include="gameworld\effect_definitions.h">
      <Filter>Header Files</Filter>
    </ClInclude>
    <ClInclude Include="gameworld\flood_map.h">
      <Filter>Header Files</Filter>
    </ClInclude>
    <ClInclude Include="gameworld\items.h">
      <Filter>Header Files</Filter>
    </ClInclude>
    <ClInclude Include="gameworld\item_definitions.h">
      <Filter>Header Files</Filter>
    </ClInclude>
    <ClInclude Include="gameworld\lightsource.h">
      <Filter>Header Files</Filter>
    </ClInclude>
    <ClInclude Include="gameworld\map.h">
      <Filter>Header Files</Filter>
    </ClInclude>
    <ClInclude Include="gameworld\media.h">
      <Filter>Header Files</Filter>
    </ClInclude>
    <ClInclude Include="gameworld\media_definitions.h">
      <Filter>Header Files</Filter>
    </ClInclude>
    <ClInclude Include="gameworld\monsters.h">
      <Filter>Header Files</Filter>
    </ClInclude>
    <ClInclude Include="gameworld\monster_definitions.h">
      <Filter>Header Files</Filter>
    </ClInclude>
    <ClInclude Include="gameworld\physics_models.h">
      <Filter>Header Files</Filter>
    </ClInclude>
    <ClInclude Include="gameworld\platforms.h">
      <Filter>Header Files</Filter>
    </ClInclude>
    <ClInclude Include="gameworld\platform_definitions.h">
      <Filter>Header Files</Filter>
    </ClInclude>
    <ClInclude Include="gameworld\player.h">
      <Filter>Header Files</Filter>
    </ClInclude>
    <ClInclude Include="gameworld\projectiles.h">
      <Filter>Header Files</Filter>
    </ClInclude>
    <ClInclude Include="gameworld\projectile_definitions.h">
      <Filter>Header Files</Filter>
    </ClInclude>
    <ClInclude Include="gameworld\scenery.h">
      <Filter>Header Files</Filter>
    </ClInclude>
    <ClInclude Include="gameworld\scenery_definitions.h">
      <Filter>Header Files</Filter>
    </ClInclude>
    <ClInclude Include="gameworld\TickBasedCircularQueue.h">
      <Filter>Header Files</Filter>
    </ClInclude>
    <ClInclude Include="gameworld\weapons.h">
      <Filter>Header Files</Filter>
    </ClInclude>
    <ClInclude Include="gameworld\weapon_definitions.h">
      <Filter>Header Files</Filter>
    </ClInclude>
    <ClInclude Include="gameworld\world.h">
      <Filter>Header Files</Filter>
    </ClInclude>
    <ClInclude Include="input\joystick.h">
      <Filter>Header Files</Filter>
    </ClInclude>
    <ClInclude Include="input\mouse.h">
      <Filter>Header Files</Filter>
    </ClInclude>
    <ClInclude Include="libnat\error.h">
      <Filter>Header Files</Filter>
    </ClInclude>
    <ClInclude Include="libnat\http.h">
      <Filter>Header Files</Filter>
    </ClInclude>
    <ClInclude Include="libnat\libnat.h">
      <Filter>Header Files</Filter>
    </ClInclude>
    <ClInclude Include="libnat\os.h">
      <Filter>Header Files</Filter>
    </ClInclude>
    <ClInclude Include="libnat\os_common.h">
      <Filter>Header Files</Filter>
    </ClInclude>
    <ClInclude Include="libnat\ssdp.h">
      <Filter>Header Files</Filter>
    </ClInclude>
    <ClInclude Include="libnat\utility.h">
      <Filter>Header Files</Filter>
    </ClInclude>
    <ClInclude Include="lua\language_definition.h">
      <Filter>Header Files</Filter>
    </ClInclude>
    <ClInclude Include="lua\lapi.h">
      <Filter>Header Files</Filter>
    </ClInclude>
    <ClInclude Include="lua\lauxlib.h">
      <Filter>Header Files</Filter>
    </ClInclude>
    <ClInclude Include="lua\lcode.h">
      <Filter>Header Files</Filter>
    </ClInclude>
    <ClInclude Include="lua\lctype.h">
      <Filter>Header Files</Filter>
    </ClInclude>
    <ClInclude Include="lua\ldebug.h">
      <Filter>Header Files</Filter>
    </ClInclude>
    <ClInclude Include="lua\ldo.h">
      <Filter>Header Files</Filter>
    </ClInclude>
    <ClInclude Include="lua\lfunc.h">
      <Filter>Header Files</Filter>
    </ClInclude>
    <ClInclude Include="lua\lgc.h">
      <Filter>Header Files</Filter>
    </ClInclude>
    <ClInclude Include="lua\llex.h">
      <Filter>Header Files</Filter>
    </ClInclude>
    <ClInclude Include="lua\llimits.h">
      <Filter>Header Files</Filter>
    </ClInclude>
    <ClInclude Include="lua\lmem.h">
      <Filter>Header Files</Filter>
    </ClInclude>
    <ClInclude Include="lua\lobject.h">
      <Filter>Header Files</Filter>
    </ClInclude>
    <ClInclude Include="lua\lopcodes.h">
      <Filter>Header Files</Filter>
    </ClInclude>
    <ClInclude Include="lua\lparser.h">
      <Filter>Header Files</Filter>
    </ClInclude>
    <ClInclude Include="lua\lstate.h">
      <Filter>Header Files</Filter>
    </ClInclude>
    <ClInclude Include="lua\lstring.h">
      <Filter>Header Files</Filter>
    </ClInclude>
    <ClInclude Include="lua\ltable.h">
      <Filter>Header Files</Filter>
    </ClInclude>
    <ClInclude Include="lua\ltm.h">
      <Filter>Header Files</Filter>
    </ClInclude>
    <ClInclude Include="lua\lua.h">
      <Filter>Header Files</Filter>
    </ClInclude>
    <ClInclude Include="lua\luaconf.h">
      <Filter>Header Files</Filter>
    </ClInclude>
    <ClInclude Include="lua\lualib.h">
      <Filter>Header Files</Filter>
    </ClInclude>
    <ClInclude Include="lua\lua_hud_objects.h">
      <Filter>Header Files</Filter>
    </ClInclude>
    <ClInclude Include="lua\lua_hud_script.h">
      <Filter>Header Files</Filter>
    </ClInclude>
    <ClInclude Include="lua\lua_map.h">
      <Filter>Header Files</Filter>
    </ClInclude>
    <ClInclude Include="lua\lua_mnemonics.h">
      <Filter>Header Files</Filter>
    </ClInclude>
    <ClInclude Include="lua\lua_monsters.h">
      <Filter>Header Files</Filter>
    </ClInclude>
    <ClInclude Include="lua\lua_objects.h">
      <Filter>Header Files</Filter>
    </ClInclude>
    <ClInclude Include="lua\lua_player.h">
      <Filter>Header Files</Filter>
    </ClInclude>
    <ClInclude Include="lua\lua_projectiles.h">
      <Filter>Header Files</Filter>
    </ClInclude>
    <ClInclude Include="lua\lua_saved_objects.h">
      <Filter>Header Files</Filter>
    </ClInclude>
    <ClInclude Include="lua\lua_script.h">
      <Filter>Header Files</Filter>
    </ClInclude>
    <ClInclude Include="lua\lua_serialize.h">
      <Filter>Header Files</Filter>
    </ClInclude>
    <ClInclude Include="lua\lua_templates.h">
      <Filter>Header Files</Filter>
    </ClInclude>
    <ClInclude Include="lua\lundump.h">
      <Filter>Header Files</Filter>
    </ClInclude>
    <ClInclude Include="lua\lvm.h">
      <Filter>Header Files</Filter>
    </ClInclude>
    <ClInclude Include="lua\lzio.h">
      <Filter>Header Files</Filter>
    </ClInclude>
    <ClInclude Include="misc\ActionQueues.h">
      <Filter>Header Files</Filter>
    </ClInclude>
    <ClInclude Include="misc\AlephSansMono-Bold.h">
      <Filter>Header Files</Filter>
    </ClInclude>
    <ClInclude Include="misc\alephversion.h">
      <Filter>Header Files</Filter>
    </ClInclude>
    <ClInclude Include="misc\binders.h">
      <Filter>Header Files</Filter>
    </ClInclude>
    <ClInclude Include="misc\CircularByteBuffer.h">
      <Filter>Header Files</Filter>
    </ClInclude>
    <ClInclude Include="misc\CircularQueue.h">
      <Filter>Header Files</Filter>
    </ClInclude>
    <ClInclude Include="misc\Console.h">
      <Filter>Header Files</Filter>
    </ClInclude>
    <ClInclude Include="misc\CourierPrime.h">
      <Filter>Header Files</Filter>
    </ClInclude>
    <ClInclude Include="misc\CourierPrimeBold.h">
      <Filter>Header Files</Filter>
    </ClInclude>
    <ClInclude Include="misc\CourierPrimeBoldItalic.h">
      <Filter>Header Files</Filter>
    </ClInclude>
    <ClInclude Include="misc\CourierPrimeItalic.h">
      <Filter>Header Files</Filter>
    </ClInclude>
    <ClInclude Include="misc\DefaultStringSets.h">
      <Filter>Header Files</Filter>
    </ClInclude>
    <ClInclude Include="misc\game_errors.h">
      <Filter>Header Files</Filter>
    </ClInclude>
    <ClInclude Include="misc\interface.h">
      <Filter>Header Files</Filter>
    </ClInclude>
    <ClInclude Include="misc\interface_menus.h">
      <Filter>Header Files</Filter>
    </ClInclude>
    <ClInclude Include="misc\key_definitions.h">
      <Filter>Header Files</Filter>
    </ClInclude>
    <ClInclude Include="misc\Logging.h">
      <Filter>Header Files</Filter>
    </ClInclude>
    <ClInclude Include="misc\PlayerImage_sdl.h">
      <Filter>Header Files</Filter>
    </ClInclude>
    <ClInclude Include="misc\PlayerName.h">
      <Filter>Header Files</Filter>
    </ClInclude>
    <ClInclude Include="misc\powered_by_alephone.h">
      <Filter>Header Files</Filter>
    </ClInclude>
    <ClInclude Include="misc\preferences.h">
      <Filter>Header Files</Filter>
    </ClInclude>
    <ClInclude Include="misc\preferences_widgets_sdl.h">
      <Filter>Header Files</Filter>
    </ClInclude>
    <ClInclude Include="misc\preference_dialogs.h">
      <Filter>Header Files</Filter>
    </ClInclude>
    <ClInclude Include="misc\ProFontAO.h">
      <Filter>Header Files</Filter>
    </ClInclude>
    <ClInclude Include="misc\progress.h">
      <Filter>Header Files</Filter>
    </ClInclude>
    <ClInclude Include="misc\Random.h">
      <Filter>Header Files</Filter>
    </ClInclude>
    <ClInclude Include="misc\Scenario.h">
      <Filter>Header Files</Filter>
    </ClInclude>
    <ClInclude Include="misc\sdl_dialogs.h">
      <Filter>Header Files</Filter>
    </ClInclude>
    <ClInclude Include="misc\sdl_network.h">
      <Filter>Header Files</Filter>
    </ClInclude>
    <ClInclude Include="misc\sdl_widgets.h">
      <Filter>Header Files</Filter>
    </ClInclude>
    <ClInclude Include="misc\shared_widgets.h">
      <Filter>Header Files</Filter>
    </ClInclude>
    <ClInclude Include="misc\Statistics.h">
      <Filter>Header Files</Filter>
    </ClInclude>
    <ClInclude Include="misc\thread_priority_sdl.h">
      <Filter>Header Files</Filter>
    </ClInclude>
    <ClInclude Include="misc\vbl.h">
      <Filter>Header Files</Filter>
    </ClInclude>
    <ClInclude Include="misc\vbl_definitions.h">
      <Filter>Header Files</Filter>
    </ClInclude>
    <ClInclude Include="misc\VecOps.h">
      <Filter>Header Files</Filter>
    </ClInclude>
    <ClInclude Include="misc\WindowedNthElementFinder.h">
      <Filter>Header Files</Filter>
    </ClInclude>
    <ClInclude Include="modelview\Dim3_Loader.h">
      <Filter>Header Files</Filter>
    </ClInclude>
    <ClInclude Include="modelview\Model3D.h">
      <Filter>Header Files</Filter>
    </ClInclude>
    <ClInclude Include="modelview\ModelRenderer.h">
      <Filter>Header Files</Filter>
    </ClInclude>
    <ClInclude Include="modelview\StudioLoader.h">
      <Filter>Header Files</Filter>
    </ClInclude>
    <ClInclude Include="modelview\WavefrontLoader.h">
      <Filter>Header Files</Filter>
    </ClInclude>
    <ClInclude Include="network\ConnectPool.h">
      <Filter>Header Files</Filter>
    </ClInclude>
    <ClInclude Include="network\HTTP.h">
      <Filter>Header Files</Filter>
    </ClInclude>
    <ClInclude Include="network\network.h">
      <Filter>Header Files</Filter>
    </ClInclude>
    <ClInclude Include="network\NetworkGameProtocol.h">
      <Filter>Header Files</Filter>
    </ClInclude>
    <ClInclude Include="network\network_audio_shared.h">
      <Filter>Header Files</Filter>
    </ClInclude>
    <ClInclude Include="network\network_capabilities.h">
      <Filter>Header Files</Filter>
    </ClInclude>
    <ClInclude Include="network\network_data_formats.h">
      <Filter>Header Files</Filter>
    </ClInclude>
    <ClInclude Include="network\network_dialogs.h">
      <Filter>Header Files</Filter>
    </ClInclude>
    <ClInclude Include="network\network_dialog_widgets_sdl.h">
      <Filter>Header Files</Filter>
    </ClInclude>
    <ClInclude Include="network\network_distribution_types.h">
      <Filter>Header Files</Filter>
    </ClInclude>
    <ClInclude Include="network\network_games.h">
      <Filter>Header Files</Filter>
    </ClInclude>
    <ClInclude Include="network\network_lookup_sdl.h">
      <Filter>Header Files</Filter>
    </ClInclude>
    <ClInclude Include="network\network_messages.h">
      <Filter>Header Files</Filter>
    </ClInclude>
    <ClInclude Include="network\network_microphone_shared.h">
      <Filter>Header Files</Filter>
    </ClInclude>
    <ClInclude Include="network\network_private.h">
      <Filter>Header Files</Filter>
    </ClInclude>
    <ClInclude Include="network\network_sound.h">
      <Filter>Header Files</Filter>
    </ClInclude>
    <ClInclude Include="network\network_speaker_sdl.h">
      <Filter>Header Files</Filter>
    </ClInclude>
    <ClInclude Include="network\network_speex.h">
      <Filter>Header Files</Filter>
    </ClInclude>
    <ClInclude Include="network\network_star.h">
      <Filter>Header Files</Filter>
    </ClInclude>
    <ClInclude Include="network\RingGameProtocol.h">
      <Filter>Header Files</Filter>
    </ClInclude>
    <ClInclude Include="network\SDL_netx.h">
      <Filter>Header Files</Filter>
    </ClInclude>
    <ClInclude Include="network\SSLP_API.h">
      <Filter>Header Files</Filter>
    </ClInclude>
    <ClInclude Include="network\SSLP_Protocol.h">
      <Filter>Header Files</Filter>
    </ClInclude>
    <ClInclude Include="network\StarGameProtocol.h">
      <Filter>Header Files</Filter>
    </ClInclude>
    <ClInclude Include="network\Update.h">
      <Filter>Header Files</Filter>
    </ClInclude>
    <ClInclude Include="network\metaserver\metaserver_dialogs.h">
      <Filter>Header Files</Filter>
    </ClInclude>
    <ClInclude Include="network\metaserver\metaserver_messages.h">
      <Filter>Header Files</Filter>
    </ClInclude>
    <ClInclude Include="network\metaserver\network_metaserver.h">
      <Filter>Header Files</Filter>
    </ClInclude>
    <ClInclude Include="rendermain\AnimatedTextures.h">
      <Filter>Header Files</Filter>
    </ClInclude>
    <ClInclude Include="rendermain\collection_definition.h">
      <Filter>Header Files</Filter>
    </ClInclude>
    <ClInclude Include="rendermain\Crosshairs.h">
      <Filter>Header Files</Filter>
    </ClInclude>
    <ClInclude Include="rendermain\DDS.h">
      <Filter>Header Files</Filter>
    </ClInclude>
    <ClInclude Include="rendermain\ImageLoader.h">
      <Filter>Header Files</Filter>
    </ClInclude>
    <ClInclude Include="rendermain\low_level_textures.h">
      <Filter>Header Files</Filter>
    </ClInclude>
    <ClInclude Include="rendermain\OGL_Faders.h">
      <Filter>Header Files</Filter>
    </ClInclude>
    <ClInclude Include="rendermain\OGL_FBO.h">
      <Filter>Header Files</Filter>
    </ClInclude>
    <ClInclude Include="rendermain\OGL_Headers.h">
      <Filter>Header Files</Filter>
    </ClInclude>
    <ClInclude Include="rendermain\OGL_Model_Def.h">
      <Filter>Header Files</Filter>
    </ClInclude>
    <ClInclude Include="rendermain\OGL_Render.h">
      <Filter>Header Files</Filter>
    </ClInclude>
    <ClInclude Include="rendermain\OGL_Setup.h">
      <Filter>Header Files</Filter>
    </ClInclude>
    <ClInclude Include="rendermain\OGL_Shader.h">
      <Filter>Header Files</Filter>
    </ClInclude>
    <ClInclude Include="rendermain\OGL_Subst_Texture_Def.h">
      <Filter>Header Files</Filter>
    </ClInclude>
    <ClInclude Include="rendermain\OGL_Textures.h">
      <Filter>Header Files</Filter>
    </ClInclude>
    <ClInclude Include="rendermain\OGL_Texture_Def.h">
      <Filter>Header Files</Filter>
    </ClInclude>
    <ClInclude Include="rendermain\Rasterizer.h">
      <Filter>Header Files</Filter>
    </ClInclude>
    <ClInclude Include="rendermain\Rasterizer_OGL.h">
      <Filter>Header Files</Filter>
    </ClInclude>
    <ClInclude Include="rendermain\Rasterizer_Shader.h">
      <Filter>Header Files</Filter>
    </ClInclude>
    <ClInclude Include="rendermain\Rasterizer_SW.h">
      <Filter>Header Files</Filter>
    </ClInclude>
    <ClInclude Include="rendermain\render.h">
      <Filter>Header Files</Filter>
    </ClInclude>
    <ClInclude Include="rendermain\RenderPlaceObjs.h">
      <Filter>Header Files</Filter>
    </ClInclude>
    <ClInclude Include="rendermain\RenderRasterize.h">
      <Filter>Header Files</Filter>
    </ClInclude>
    <ClInclude Include="rendermain\RenderRasterize_Shader.h">
      <Filter>Header Files</Filter>
    </ClInclude>
    <ClInclude Include="rendermain\RenderSortPoly.h">
      <Filter>Header Files</Filter>
    </ClInclude>
    <ClInclude Include="rendermain\RenderVisTree.h">
      <Filter>Header Files</Filter>
    </ClInclude>
    <ClInclude Include="rendermain\scottish_textures.h">
      <Filter>Header Files</Filter>
    </ClInclude>
    <ClInclude Include="rendermain\shape_definitions.h">
      <Filter>Header Files</Filter>
    </ClInclude>
    <ClInclude Include="rendermain\shape_descriptors.h">
      <Filter>Header Files</Filter>
    </ClInclude>
    <ClInclude Include="rendermain\SW_Texture_Extras.h">
      <Filter>Header Files</Filter>
    </ClInclude>
    <ClInclude Include="rendermain\textures.h">
      <Filter>Header Files</Filter>
    </ClInclude>
    <ClInclude Include="rendermain\vec3.h">
      <Filter>Header Files</Filter>
    </ClInclude>
    <ClInclude Include="renderother\ChaseCam.h">
      <Filter>Header Files</Filter>
    </ClInclude>
    <ClInclude Include="renderother\computer_interface.h">
      <Filter>Header Files</Filter>
    </ClInclude>
    <ClInclude Include="renderother\fades.h">
      <Filter>Header Files</Filter>
    </ClInclude>
    <ClInclude Include="renderother\FontHandler.h">
      <Filter>Header Files</Filter>
    </ClInclude>
    <ClInclude Include="renderother\game_window.h">
      <Filter>Header Files</Filter>
    </ClInclude>
    <ClInclude Include="renderother\HUDRenderer.h">
      <Filter>Header Files</Filter>
    </ClInclude>
    <ClInclude Include="renderother\HUDRenderer_Lua.h">
      <Filter>Header Files</Filter>
    </ClInclude>
    <ClInclude Include="renderother\HUDRenderer_OGL.h">
      <Filter>Header Files</Filter>
    </ClInclude>
    <ClInclude Include="renderother\HUDRenderer_SW.h">
      <Filter>Header Files</Filter>
    </ClInclude>
    <ClInclude Include="renderother\images.h">
      <Filter>Header Files</Filter>
    </ClInclude>
    <ClInclude Include="renderother\Image_Blitter.h">
      <Filter>Header Files</Filter>
    </ClInclude>
    <ClInclude Include="renderother\IMG_savepng.h">
      <Filter>Header Files</Filter>
    </ClInclude>
    <ClInclude Include="renderother\motion_sensor.h">
      <Filter>Header Files</Filter>
    </ClInclude>
    <ClInclude Include="renderother\OGL_Blitter.h">
      <Filter>Header Files</Filter>
    </ClInclude>
    <ClInclude Include="renderother\OGL_LoadScreen.h">
      <Filter>Header Files</Filter>
    </ClInclude>
    <ClInclude Include="renderother\OverheadMapRenderer.h">
      <Filter>Header Files</Filter>
    </ClInclude>
    <ClInclude Include="renderother\OverheadMap_OGL.h">
      <Filter>Header Files</Filter>
    </ClInclude>
    <ClInclude Include="renderother\OverheadMap_SDL.h">
      <Filter>Header Files</Filter>
    </ClInclude>
    <ClInclude Include="renderother\overhead_map.h">
      <Filter>Header Files</Filter>
    </ClInclude>
    <ClInclude Include="renderother\screen.h">
      <Filter>Header Files</Filter>
    </ClInclude>
    <ClInclude Include="renderother\screen_definitions.h">
      <Filter>Header Files</Filter>
    </ClInclude>
    <ClInclude Include="renderother\screen_drawing.h">
      <Filter>Header Files</Filter>
    </ClInclude>
    <ClInclude Include="renderother\screen_shared.h">
      <Filter>Header Files</Filter>
    </ClInclude>
    <ClInclude Include="renderother\sdl_fonts.h">
      <Filter>Header Files</Filter>
    </ClInclude>
    <ClInclude Include="renderother\sdl_resize.h">
      <Filter>Header Files</Filter>
    </ClInclude>
    <ClInclude Include="renderother\Shape_Blitter.h">
      <Filter>Header Files</Filter>
    </ClInclude>
    <ClInclude Include="renderother\TextLayoutHelper.h">
      <Filter>Header Files</Filter>
    </ClInclude>
    <ClInclude Include="renderother\TextStrings.h">
      <Filter>Header Files</Filter>
    </ClInclude>
    <ClInclude Include="renderother\ViewControl.h">
      <Filter>Header Files</Filter>
    </ClInclude>
    <ClInclude Include="sound\BasicIFFDecoder.h">
      <Filter>Header Files</Filter>
    </ClInclude>
    <ClInclude Include="sound\Decoder.h">
      <Filter>Header Files</Filter>
    </ClInclude>
    <ClInclude Include="sound\FFmpegDecoder.h">
      <Filter>Header Files</Filter>
    </ClInclude>
    <ClInclude Include="sound\MADDecoder.h">
      <Filter>Header Files</Filter>
    </ClInclude>
    <ClInclude Include="sound\Mixer.h">
      <Filter>Header Files</Filter>
    </ClInclude>
    <ClInclude Include="sound\Music.h">
      <Filter>Header Files</Filter>
    </ClInclude>
    <ClInclude Include="sound\ReplacementSounds.h">
      <Filter>Header Files</Filter>
    </ClInclude>
    <ClInclude Include="sound\SndfileDecoder.h">
      <Filter>Header Files</Filter>
    </ClInclude>
    <ClInclude Include="sound\song_definitions.h">
      <Filter>Header Files</Filter>
    </ClInclude>
    <ClInclude Include="sound\SoundFile.h">
      <Filter>Header Files</Filter>
    </ClInclude>
    <ClInclude Include="sound\SoundManager.h">
      <Filter>Header Files</Filter>
    </ClInclude>
    <ClInclude Include="sound\SoundManagerEnums.h">
      <Filter>Header Files</Filter>
    </ClInclude>
    <ClInclude Include="sound\sound_definitions.h">
      <Filter>Header Files</Filter>
    </ClInclude>
    <ClInclude Include="sound\VorbisDecoder.h">
      <Filter>Header Files</Filter>
    </ClInclude>
    <ClInclude Include="tcpmess\CommunicationsChannel.h">
      <Filter>Header Files</Filter>
    </ClInclude>
    <ClInclude Include="tcpmess\Message.h">
      <Filter>Header Files</Filter>
    </ClInclude>
    <ClInclude Include="tcpmess\MessageDispatcher.h">
      <Filter>Header Files</Filter>
    </ClInclude>
    <ClInclude Include="tcpmess\MessageHandler.h">
      <Filter>Header Files</Filter>
    </ClInclude>
    <ClInclude Include="tcpmess\MessageInflater.h">
      <Filter>Header Files</Filter>
    </ClInclude>
    <ClInclude Include="xml\InfoTree.h">
      <Filter>Header Files</Filter>
    </ClInclude>
    <ClInclude Include="xml\Plugins.h">
      <Filter>Header Files</Filter>
    </ClInclude>
    <ClInclude Include="xml\QuickSave.h">
      <Filter>Header Files</Filter>
    </ClInclude>
    <ClInclude Include="xml\XML_LevelScript.h">
      <Filter>Header Files</Filter>
    </ClInclude>
    <ClInclude Include="xml\XML_ParseTreeRoot.h">
      <Filter>Header Files</Filter>
    </ClInclude>
  </ItemGroup>
</Project>